
Microsoft Visual Studio Solution File, Format Version 12.00
# Visual Studio Version 17
VisualStudioVersion = 17.6.33712.159
MinimumVisualStudioVersion = 10.0.40219.1
Project("{9A19103F-16F7-4668-BE54-9A1E7A4F7556}") = "uklon-backend", "uklon-backend\uklon-backend.csproj", "{C0D0954C-2A62-4D5D-A72C-CCA19407C5F7}"
EndProject
Project("{FAE04EC0-301F-11D3-BF4B-00C04F79EFBC}") = "Data", "Data\Data.csproj", "{2B5327A6-CA6C-43C1-95AC-AF04AF630C09}"
EndProject
Project("{FAE04EC0-301F-11D3-BF4B-00C04F79EFBC}") = "BissnesLogic", "BissnesLogic\BissnesLogic.csproj", "{D3A57B83-D6DF-49F6-8072-5F28740089A0}"
EndProject
Global
	GlobalSection(SolutionConfigurationPlatforms) = preSolution
		Debug|Any CPU = Debug|Any CPU
		Release|Any CPU = Release|Any CPU
	EndGlobalSection
	GlobalSection(ProjectConfigurationPlatforms) = postSolution
		{C0D0954C-2A62-4D5D-A72C-CCA19407C5F7}.Debug|Any CPU.ActiveCfg = Debug|Any CPU
		{C0D0954C-2A62-4D5D-A72C-CCA19407C5F7}.Debug|Any CPU.Build.0 = Debug|Any CPU
		{C0D0954C-2A62-4D5D-A72C-CCA19407C5F7}.Release|Any CPU.ActiveCfg = Release|Any CPU
		{C0D0954C-2A62-4D5D-A72C-CCA19407C5F7}.Release|Any CPU.Build.0 = Release|Any CPU
		{2B5327A6-CA6C-43C1-95AC-AF04AF630C09}.Debug|Any CPU.ActiveCfg = Debug|Any CPU
		{2B5327A6-CA6C-43C1-95AC-AF04AF630C09}.Debug|Any CPU.Build.0 = Debug|Any CPU
		{2B5327A6-CA6C-43C1-95AC-AF04AF630C09}.Release|Any CPU.ActiveCfg = Release|Any CPU
		{2B5327A6-CA6C-43C1-95AC-AF04AF630C09}.Release|Any CPU.Build.0 = Release|Any CPU
		{D3A57B83-D6DF-49F6-8072-5F28740089A0}.Debug|Any CPU.ActiveCfg = Debug|Any CPU
		{D3A57B83-D6DF-49F6-8072-5F28740089A0}.Debug|Any CPU.Build.0 = Debug|Any CPU
		{D3A57B83-D6DF-49F6-8072-5F28740089A0}.Release|Any CPU.ActiveCfg = Release|Any CPU
		{D3A57B83-D6DF-49F6-8072-5F28740089A0}.Release|Any CPU.Build.0 = Release|Any CPU
	EndGlobalSection
	GlobalSection(SolutionProperties) = preSolution
		HideSolutionNode = FALSE
	EndGlobalSection
	GlobalSection(ExtensibilityGlobals) = postSolution
		SolutionGuid = {8CD166E9-7D2F-4B64-9A57-C0681C016A74}
	EndGlobalSection
EndGlobal
